
Microsoft Visual Studio Solution File, Format Version 12.00
# Visual Studio Version 17
VisualStudioVersion = 17.6.33815.320
MinimumVisualStudioVersion = 10.0.40219.1
Project("{2150E333-8FDC-42A3-9474-1A3956D46DE8}") = "src", "src", "{827E0CD3-B72D-47B6-A68D-7590B98EB39B}"
EndProject
Project("{2150E333-8FDC-42A3-9474-1A3956D46DE8}") = "Shared", "Shared", "{C8E42992-5E42-0C2B-DBFE-AA848D06431C}"
EndProject
Project("{FAE04EC0-301F-11D3-BF4B-00C04F79EFBC}") = "CoreFutsal.Shared", "src\Shared\CoreFutsal.Shared\CoreFutsal.Shared.csproj", "{27EBBC5D-C513-46ED-9CAA-B52F818BCEC5}"
EndProject
Project("{2150E333-8FDC-42A3-9474-1A3956D46DE8}") = "Services", "Services", "{984BB9B3-3FA3-BE33-9484-CAC21695A33C}"
EndProject
Project("{FAE04EC0-301F-11D3-BF4B-00C04F79EFBC}") = "CoreFutsal.Auth", "src\Services\CoreFutsal.Auth\CoreFutsal.Auth.csproj", "{5D55D161-33D4-4D29-BC9A-D6025A01D633}"
EndProject
Project("{FAE04EC0-301F-11D3-BF4B-00C04F79EFBC}") = "CoreFutsal.Profile", "src\Services\CoreFutsal.Profile\CoreFutsal.Profile.csproj", "{0D26A88E-02E5-4CE9-92FA-E6D6220F1885}"
EndProject
Project("{FAE04EC0-301F-11D3-BF4B-00C04F79EFBC}") = "CoreFutsal.Team", "src\Services\CoreFutsal.Team\CoreFutsal.Team.csproj", "{9B0BF3C9-F18A-4346-8F7C-96A7952DB9AB}"
EndProject
Project("{FAE04EC0-301F-11D3-BF4B-00C04F79EFBC}") = "CoreFutsal.Stadium", "src\Services\CoreFutsal.Stadium\CoreFutsal.Stadium.csproj", "{BAC17FA2-F7B7-4A64-AF9C-C485FE59EB8E}"
EndProject
Project("{FAE04EC0-301F-11D3-BF4B-00C04F79EFBC}") = "CoreFutsal.Match", "src\Services\CoreFutsal.Match\CoreFutsal.Match.csproj", "{15B695E6-C80C-4E81-B830-F8F494376E1F}"
EndProject
Project("{2150E333-8FDC-42A3-9474-1A3956D46DE8}") = "Gateway", "Gateway", "{6306A8FB-679E-111F-6585-8F70E0EE6013}"
EndProject
Project("{FAE04EC0-301F-11D3-BF4B-00C04F79EFBC}") = "CoreFutsal.Gateway", "src\Gateway\CoreFutsal.Gateway\CoreFutsal.Gateway.csproj", "{B963AD86-E9BE-40F6-AB75-BADE56EE9121}"
EndProject
Project("{2150E333-8FDC-42A3-9474-1A3956D46DE8}") = "tests", "tests", "{0AB3BF05-4346-4AA6-1389-037BE0695223}"
EndProject
Project("{FAE04EC0-301F-11D3-BF4B-00C04F79EFBC}") = "CoreFutsal.Auth.Tests", "tests\CoreFutsal.Auth.Tests\CoreFutsal.Auth.Tests.csproj", "{A2821644-0A7B-44B3-8DF6-581750B0CFB9}"
EndProject
Project("{FAE04EC0-301F-11D3-BF4B-00C04F79EFBC}") = "CoreFutsal.Profile.Tests", "tests\CoreFutsal.Profile.Tests\CoreFutsal.Profile.Tests.csproj", "{9D655B90-4C15-4C85-A881-D01E23E80AFD}"
EndProject
Project("{FAE04EC0-301F-11D3-BF4B-00C04F79EFBC}") = "CoreFutsal.Team.Tests", "tests\CoreFutsal.Team.Tests\CoreFutsal.Team.Tests.csproj", "{0530197E-A574-42E6-80DF-49126B64706D}"
EndProject
Project("{FAE04EC0-301F-11D3-BF4B-00C04F79EFBC}") = "CoreFutsal.Stadium.Tests", "tests\CoreFutsal.Stadium.Tests\CoreFutsal.Stadium.Tests.csproj", "{A489A150-DD73-4511-B717-EF0933EDCDC1}"
EndProject
Project("{FAE04EC0-301F-11D3-BF4B-00C04F79EFBC}") = "CoreFutsal.Match.Tests", "tests\CoreFutsal.Match.Tests\CoreFutsal.Match.Tests.csproj", "{FEC157A7-6D29-4DB8-ADF7-751F885A2A47}"
EndProject
Project("{FAE04EC0-301F-11D3-BF4B-00C04F79EFBC}") = "CoreFutsal.Tests", "tests\CoreFutsal.Tests\CoreFutsal.Tests.csproj", "{C4410A9C-0886-4FB2-BAD9-C7FC44D1205D}"
EndProject
Project("{FAE04EC0-301F-11D3-BF4B-00C04F79EFBC}") = "CoreFutsal", "CoreFutsal\CoreFutsal.csproj", "{66D49BC5-D3C8-4106-9FBF-A10CAB7DCCF4}"
EndProject
Global
	GlobalSection(SolutionConfigurationPlatforms) = preSolution
		Debug|Any CPU = Debug|Any CPU
		Debug|x64 = Debug|x64
		Debug|x86 = Debug|x86
		Release|Any CPU = Release|Any CPU
		Release|x64 = Release|x64
		Release|x86 = Release|x86
	EndGlobalSection
	GlobalSection(ProjectConfigurationPlatforms) = postSolution
		{27EBBC5D-C513-46ED-9CAA-B52F818BCEC5}.Debug|Any CPU.ActiveCfg = Debug|Any CPU
		{27EBBC5D-C513-46ED-9CAA-B52F818BCEC5}.Debug|Any CPU.Build.0 = Debug|Any CPU
		{27EBBC5D-C513-46ED-9CAA-B52F818BCEC5}.Debug|x64.ActiveCfg = Debug|Any CPU
		{27EBBC5D-C513-46ED-9CAA-B52F818BCEC5}.Debug|x64.Build.0 = Debug|Any CPU
		{27EBBC5D-C513-46ED-9CAA-B52F818BCEC5}.Debug|x86.ActiveCfg = Debug|Any CPU
		{27EBBC5D-C513-46ED-9CAA-B52F818BCEC5}.Debug|x86.Build.0 = Debug|Any CPU
		{27EBBC5D-C513-46ED-9CAA-B52F818BCEC5}.Release|Any CPU.ActiveCfg = Release|Any CPU
		{27EBBC5D-C513-46ED-9CAA-B52F818BCEC5}.Release|Any CPU.Build.0 = Release|Any CPU
		{27EBBC5D-C513-46ED-9CAA-B52F818BCEC5}.Release|x64.ActiveCfg = Release|Any CPU
		{27EBBC5D-C513-46ED-9CAA-B52F818BCEC5}.Release|x64.Build.0 = Release|Any CPU
		{27EBBC5D-C513-46ED-9CAA-B52F818BCEC5}.Release|x86.ActiveCfg = Release|Any CPU
		{27EBBC5D-C513-46ED-9CAA-B52F818BCEC5}.Release|x86.Build.0 = Release|Any CPU
		{5D55D161-33D4-4D29-BC9A-D6025A01D633}.Debug|Any CPU.ActiveCfg = Debug|Any CPU
		{5D55D161-33D4-4D29-BC9A-D6025A01D633}.Debug|Any CPU.Build.0 = Debug|Any CPU
		{5D55D161-33D4-4D29-BC9A-D6025A01D633}.Debug|x64.ActiveCfg = Debug|Any CPU
		{5D55D161-33D4-4D29-BC9A-D6025A01D633}.Debug|x64.Build.0 = Debug|Any CPU
		{5D55D161-33D4-4D29-BC9A-D6025A01D633}.Debug|x86.ActiveCfg = Debug|Any CPU
		{5D55D161-33D4-4D29-BC9A-D6025A01D633}.Debug|x86.Build.0 = Debug|Any CPU
		{5D55D161-33D4-4D29-BC9A-D6025A01D633}.Release|Any CPU.ActiveCfg = Release|Any CPU
		{5D55D161-33D4-4D29-BC9A-D6025A01D633}.Release|Any CPU.Build.0 = Release|Any CPU
		{5D55D161-33D4-4D29-BC9A-D6025A01D633}.Release|x64.ActiveCfg = Release|Any CPU
		{5D55D161-33D4-4D29-BC9A-D6025A01D633}.Release|x64.Build.0 = Release|Any CPU
		{5D55D161-33D4-4D29-BC9A-D6025A01D633}.Release|x86.ActiveCfg = Release|Any CPU
		{5D55D161-33D4-4D29-BC9A-D6025A01D633}.Release|x86.Build.0 = Release|Any CPU
		{0D26A88E-02E5-4CE9-92FA-E6D6220F1885}.Debug|Any CPU.ActiveCfg = Debug|Any CPU
		{0D26A88E-02E5-4CE9-92FA-E6D6220F1885}.Debug|Any CPU.Build.0 = Debug|Any CPU
		{0D26A88E-02E5-4CE9-92FA-E6D6220F1885}.Debug|x64.ActiveCfg = Debug|Any CPU
		{0D26A88E-02E5-4CE9-92FA-E6D6220F1885}.Debug|x64.Build.0 = Debug|Any CPU
		{0D26A88E-02E5-4CE9-92FA-E6D6220F1885}.Debug|x86.ActiveCfg = Debug|Any CPU
		{0D26A88E-02E5-4CE9-92FA-E6D6220F1885}.Debug|x86.Build.0 = Debug|Any CPU
		{0D26A88E-02E5-4CE9-92FA-E6D6220F1885}.Release|Any CPU.ActiveCfg = Release|Any CPU
		{0D26A88E-02E5-4CE9-92FA-E6D6220F1885}.Release|Any CPU.Build.0 = Release|Any CPU
		{0D26A88E-02E5-4CE9-92FA-E6D6220F1885}.Release|x64.ActiveCfg = Release|Any CPU
		{0D26A88E-02E5-4CE9-92FA-E6D6220F1885}.Release|x64.Build.0 = Release|Any CPU
		{0D26A88E-02E5-4CE9-92FA-E6D6220F1885}.Release|x86.ActiveCfg = Release|Any CPU
		{0D26A88E-02E5-4CE9-92FA-E6D6220F1885}.Release|x86.Build.0 = Release|Any CPU
		{9B0BF3C9-F18A-4346-8F7C-96A7952DB9AB}.Debug|Any CPU.ActiveCfg = Debug|Any CPU
		{9B0BF3C9-F18A-4346-8F7C-96A7952DB9AB}.Debug|Any CPU.Build.0 = Debug|Any CPU
		{9B0BF3C9-F18A-4346-8F7C-96A7952DB9AB}.Debug|x64.ActiveCfg = Debug|Any CPU
		{9B0BF3C9-F18A-4346-8F7C-96A7952DB9AB}.Debug|x64.Build.0 = Debug|Any CPU
		{9B0BF3C9-F18A-4346-8F7C-96A7952DB9AB}.Debug|x86.ActiveCfg = Debug|Any CPU
		{9B0BF3C9-F18A-4346-8F7C-96A7952DB9AB}.Debug|x86.Build.0 = Debug|Any CPU
		{9B0BF3C9-F18A-4346-8F7C-96A7952DB9AB}.Release|Any CPU.ActiveCfg = Release|Any CPU
		{9B0BF3C9-F18A-4346-8F7C-96A7952DB9AB}.Release|Any CPU.Build.0 = Release|Any CPU
		{9B0BF3C9-F18A-4346-8F7C-96A7952DB9AB}.Release|x64.ActiveCfg = Release|Any CPU
		{9B0BF3C9-F18A-4346-8F7C-96A7952DB9AB}.Release|x64.Build.0 = Release|Any CPU
		{9B0BF3C9-F18A-4346-8F7C-96A7952DB9AB}.Release|x86.ActiveCfg = Release|Any CPU
		{9B0BF3C9-F18A-4346-8F7C-96A7952DB9AB}.Release|x86.Build.0 = Release|Any CPU
		{BAC17FA2-F7B7-4A64-AF9C-C485FE59EB8E}.Debug|Any CPU.ActiveCfg = Debug|Any CPU
		{BAC17FA2-F7B7-4A64-AF9C-C485FE59EB8E}.Debug|Any CPU.Build.0 = Debug|Any CPU
		{BAC17FA2-F7B7-4A64-AF9C-C485FE59EB8E}.Debug|x64.ActiveCfg = Debug|Any CPU
		{BAC17FA2-F7B7-4A64-AF9C-C485FE59EB8E}.Debug|x64.Build.0 = Debug|Any CPU
		{BAC17FA2-F7B7-4A64-AF9C-C485FE59EB8E}.Debug|x86.ActiveCfg = Debug|Any CPU
		{BAC17FA2-F7B7-4A64-AF9C-C485FE59EB8E}.Debug|x86.Build.0 = Debug|Any CPU
		{BAC17FA2-F7B7-4A64-AF9C-C485FE59EB8E}.Release|Any CPU.ActiveCfg = Release|Any CPU
		{BAC17FA2-F7B7-4A64-AF9C-C485FE59EB8E}.Release|Any CPU.Build.0 = Release|Any CPU
		{BAC17FA2-F7B7-4A64-AF9C-C485FE59EB8E}.Release|x64.ActiveCfg = Release|Any CPU
		{BAC17FA2-F7B7-4A64-AF9C-C485FE59EB8E}.Release|x64.Build.0 = Release|Any CPU
		{BAC17FA2-F7B7-4A64-AF9C-C485FE59EB8E}.Release|x86.ActiveCfg = Release|Any CPU
		{BAC17FA2-F7B7-4A64-AF9C-C485FE59EB8E}.Release|x86.Build.0 = Release|Any CPU
		{15B695E6-C80C-4E81-B830-F8F494376E1F}.Debug|Any CPU.ActiveCfg = Debug|Any CPU
		{15B695E6-C80C-4E81-B830-F8F494376E1F}.Debug|Any CPU.Build.0 = Debug|Any CPU
		{15B695E6-C80C-4E81-B830-F8F494376E1F}.Debug|x64.ActiveCfg = Debug|Any CPU
		{15B695E6-C80C-4E81-B830-F8F494376E1F}.Debug|x64.Build.0 = Debug|Any CPU
		{15B695E6-C80C-4E81-B830-F8F494376E1F}.Debug|x86.ActiveCfg = Debug|Any CPU
		{15B695E6-C80C-4E81-B830-F8F494376E1F}.Debug|x86.Build.0 = Debug|Any CPU
		{15B695E6-C80C-4E81-B830-F8F494376E1F}.Release|Any CPU.ActiveCfg = Release|Any CPU
		{15B695E6-C80C-4E81-B830-F8F494376E1F}.Release|Any CPU.Build.0 = Release|Any CPU
		{15B695E6-C80C-4E81-B830-F8F494376E1F}.Release|x64.ActiveCfg = Release|Any CPU
		{15B695E6-C80C-4E81-B830-F8F494376E1F}.Release|x64.Build.0 = Release|Any CPU
		{15B695E6-C80C-4E81-B830-F8F494376E1F}.Release|x86.ActiveCfg = Release|Any CPU
		{15B695E6-C80C-4E81-B830-F8F494376E1F}.Release|x86.Build.0 = Release|Any CPU
		{B963AD86-E9BE-40F6-AB75-BADE56EE9121}.Debug|Any CPU.ActiveCfg = Debug|Any CPU
		{B963AD86-E9BE-40F6-AB75-BADE56EE9121}.Debug|Any CPU.Build.0 = Debug|Any CPU
		{B963AD86-E9BE-40F6-AB75-BADE56EE9121}.Debug|x64.ActiveCfg = Debug|Any CPU
		{B963AD86-E9BE-40F6-AB75-BADE56EE9121}.Debug|x64.Build.0 = Debug|Any CPU
		{B963AD86-E9BE-40F6-AB75-BADE56EE9121}.Debug|x86.ActiveCfg = Debug|Any CPU
		{B963AD86-E9BE-40F6-AB75-BADE56EE9121}.Debug|x86.Build.0 = Debug|Any CPU
		{B963AD86-E9BE-40F6-AB75-BADE56EE9121}.Release|Any CPU.ActiveCfg = Release|Any CPU
		{B963AD86-E9BE-40F6-AB75-BADE56EE9121}.Release|Any CPU.Build.0 = Release|Any CPU
		{B963AD86-E9BE-40F6-AB75-BADE56EE9121}.Release|x64.ActiveCfg = Release|Any CPU
		{B963AD86-E9BE-40F6-AB75-BADE56EE9121}.Release|x64.Build.0 = Release|Any CPU
		{B963AD86-E9BE-40F6-AB75-BADE56EE9121}.Release|x86.ActiveCfg = Release|Any CPU
		{B963AD86-E9BE-40F6-AB75-BADE56EE9121}.Release|x86.Build.0 = Release|Any CPU
		{A2821644-0A7B-44B3-8DF6-581750B0CFB9}.Debug|Any CPU.ActiveCfg = Debug|Any CPU
		{A2821644-0A7B-44B3-8DF6-581750B0CFB9}.Debug|Any CPU.Build.0 = Debug|Any CPU
		{A2821644-0A7B-44B3-8DF6-581750B0CFB9}.Debug|x64.ActiveCfg = Debug|Any CPU
		{A2821644-0A7B-44B3-8DF6-581750B0CFB9}.Debug|x64.Build.0 = Debug|Any CPU
		{A2821644-0A7B-44B3-8DF6-581750B0CFB9}.Debug|x86.ActiveCfg = Debug|Any CPU
		{A2821644-0A7B-44B3-8DF6-581750B0CFB9}.Debug|x86.Build.0 = Debug|Any CPU
		{A2821644-0A7B-44B3-8DF6-581750B0CFB9}.Release|Any CPU.ActiveCfg = Release|Any CPU
		{A2821644-0A7B-44B3-8DF6-581750B0CFB9}.Release|Any CPU.Build.0 = Release|Any CPU
		{A2821644-0A7B-44B3-8DF6-581750B0CFB9}.Release|x64.ActiveCfg = Release|Any CPU
		{A2821644-0A7B-44B3-8DF6-581750B0CFB9}.Release|x64.Build.0 = Release|Any CPU
		{A2821644-0A7B-44B3-8DF6-581750B0CFB9}.Release|x86.ActiveCfg = Release|Any CPU
		{A2821644-0A7B-44B3-8DF6-581750B0CFB9}.Release|x86.Build.0 = Release|Any CPU
		{9D655B90-4C15-4C85-A881-D01E23E80AFD}.Debug|Any CPU.ActiveCfg = Debug|Any CPU
		{9D655B90-4C15-4C85-A881-D01E23E80AFD}.Debug|Any CPU.Build.0 = Debug|Any CPU
		{9D655B90-4C15-4C85-A881-D01E23E80AFD}.Debug|x64.ActiveCfg = Debug|Any CPU
		{9D655B90-4C15-4C85-A881-D01E23E80AFD}.Debug|x64.Build.0 = Debug|Any CPU
		{9D655B90-4C15-4C85-A881-D01E23E80AFD}.Debug|x86.ActiveCfg = Debug|Any CPU
		{9D655B90-4C15-4C85-A881-D01E23E80AFD}.Debug|x86.Build.0 = Debug|Any CPU
		{9D655B90-4C15-4C85-A881-D01E23E80AFD}.Release|Any CPU.ActiveCfg = Release|Any CPU
		{9D655B90-4C15-4C85-A881-D01E23E80AFD}.Release|Any CPU.Build.0 = Release|Any CPU
		{9D655B90-4C15-4C85-A881-D01E23E80AFD}.Release|x64.ActiveCfg = Release|Any CPU
		{9D655B90-4C15-4C85-A881-D01E23E80AFD}.Release|x64.Build.0 = Release|Any CPU
		{9D655B90-4C15-4C85-A881-D01E23E80AFD}.Release|x86.ActiveCfg = Release|Any CPU
		{9D655B90-4C15-4C85-A881-D01E23E80AFD}.Release|x86.Build.0 = Release|Any CPU
		{0530197E-A574-42E6-80DF-49126B64706D}.Debug|Any CPU.ActiveCfg = Debug|Any CPU
		{0530197E-A574-42E6-80DF-49126B64706D}.Debug|Any CPU.Build.0 = Debug|Any CPU
		{0530197E-A574-42E6-80DF-49126B64706D}.Debug|x64.ActiveCfg = Debug|Any CPU
		{0530197E-A574-42E6-80DF-49126B64706D}.Debug|x64.Build.0 = Debug|Any CPU
		{0530197E-A574-42E6-80DF-49126B64706D}.Debug|x86.ActiveCfg = Debug|Any CPU
		{0530197E-A574-42E6-80DF-49126B64706D}.Debug|x86.Build.0 = Debug|Any CPU
		{0530197E-A574-42E6-80DF-49126B64706D}.Release|Any CPU.ActiveCfg = Release|Any CPU
		{0530197E-A574-42E6-80DF-49126B64706D}.Release|Any CPU.Build.0 = Release|Any CPU
		{0530197E-A574-42E6-80DF-49126B64706D}.Release|x64.ActiveCfg = Release|Any CPU
		{0530197E-A574-42E6-80DF-49126B64706D}.Release|x64.Build.0 = Release|Any CPU
		{0530197E-A574-42E6-80DF-49126B64706D}.Release|x86.ActiveCfg = Release|Any CPU
		{0530197E-A574-42E6-80DF-49126B64706D}.Release|x86.Build.0 = Release|Any CPU
		{A489A150-DD73-4511-B717-EF0933EDCDC1}.Debug|Any CPU.ActiveCfg = Debug|Any CPU
		{A489A150-DD73-4511-B717-EF0933EDCDC1}.Debug|Any CPU.Build.0 = Debug|Any CPU
		{A489A150-DD73-4511-B717-EF0933EDCDC1}.Debug|x64.ActiveCfg = Debug|Any CPU
		{A489A150-DD73-4511-B717-EF0933EDCDC1}.Debug|x64.Build.0 = Debug|Any CPU
		{A489A150-DD73-4511-B717-EF0933EDCDC1}.Debug|x86.ActiveCfg = Debug|Any CPU
		{A489A150-DD73-4511-B717-EF0933EDCDC1}.Debug|x86.Build.0 = Debug|Any CPU
		{A489A150-DD73-4511-B717-EF0933EDCDC1}.Release|Any CPU.ActiveCfg = Release|Any CPU
		{A489A150-DD73-4511-B717-EF0933EDCDC1}.Release|Any CPU.Build.0 = Release|Any CPU
		{A489A150-DD73-4511-B717-EF0933EDCDC1}.Release|x64.ActiveCfg = Release|Any CPU
		{A489A150-DD73-4511-B717-EF0933EDCDC1}.Release|x64.Build.0 = Release|Any CPU
		{A489A150-DD73-4511-B717-EF0933EDCDC1}.Release|x86.ActiveCfg = Release|Any CPU
		{A489A150-DD73-4511-B717-EF0933EDCDC1}.Release|x86.Build.0 = Release|Any CPU
		{FEC157A7-6D29-4DB8-ADF7-751F885A2A47}.Debug|Any CPU.ActiveCfg = Debug|Any CPU
		{FEC157A7-6D29-4DB8-ADF7-751F885A2A47}.Debug|Any CPU.Build.0 = Debug|Any CPU
		{FEC157A7-6D29-4DB8-ADF7-751F885A2A47}.Debug|x64.ActiveCfg = Debug|Any CPU
		{FEC157A7-6D29-4DB8-ADF7-751F885A2A47}.Debug|x64.Build.0 = Debug|Any CPU
		{FEC157A7-6D29-4DB8-ADF7-751F885A2A47}.Debug|x86.ActiveCfg = Debug|Any CPU
		{FEC157A7-6D29-4DB8-ADF7-751F885A2A47}.Debug|x86.Build.0 = Debug|Any CPU
		{FEC157A7-6D29-4DB8-ADF7-751F885A2A47}.Release|Any CPU.ActiveCfg = Release|Any CPU
		{FEC157A7-6D29-4DB8-ADF7-751F885A2A47}.Release|Any CPU.Build.0 = Release|Any CPU
		{FEC157A7-6D29-4DB8-ADF7-751F885A2A47}.Release|x64.ActiveCfg = Release|Any CPU
		{FEC157A7-6D29-4DB8-ADF7-751F885A2A47}.Release|x64.Build.0 = Release|Any CPU
		{FEC157A7-6D29-4DB8-ADF7-751F885A2A47}.Release|x86.ActiveCfg = Release|Any CPU
		{FEC157A7-6D29-4DB8-ADF7-751F885A2A47}.Release|x86.Build.0 = Release|Any CPU
		{C4410A9C-0886-4FB2-BAD9-C7FC44D1205D}.Debug|Any CPU.ActiveCfg = Debug|Any CPU
		{C4410A9C-0886-4FB2-BAD9-C7FC44D1205D}.Debug|Any CPU.Build.0 = Debug|Any CPU
		{C4410A9C-0886-4FB2-BAD9-C7FC44D1205D}.Debug|x64.ActiveCfg = Debug|Any CPU
		{C4410A9C-0886-4FB2-BAD9-C7FC44D1205D}.Debug|x64.Build.0 = Debug|Any CPU
		{C4410A9C-0886-4FB2-BAD9-C7FC44D1205D}.Debug|x86.ActiveCfg = Debug|Any CPU
		{C4410A9C-0886-4FB2-BAD9-C7FC44D1205D}.Debug|x86.Build.0 = Debug|Any CPU
		{C4410A9C-0886-4FB2-BAD9-C7FC44D1205D}.Release|Any CPU.ActiveCfg = Release|Any CPU
		{C4410A9C-0886-4FB2-BAD9-C7FC44D1205D}.Release|Any CPU.Build.0 = Release|Any CPU
		{C4410A9C-0886-4FB2-BAD9-C7FC44D1205D}.Release|x64.ActiveCfg = Release|Any CPU
		{C4410A9C-0886-4FB2-BAD9-C7FC44D1205D}.Release|x64.Build.0 = Release|Any CPU
		{C4410A9C-0886-4FB2-BAD9-C7FC44D1205D}.Release|x86.ActiveCfg = Release|Any CPU
		{C4410A9C-0886-4FB2-BAD9-C7FC44D1205D}.Release|x86.Build.0 = Release|Any CPU
		{66D49BC5-D3C8-4106-9FBF-A10CAB7DCCF4}.Debug|Any CPU.ActiveCfg = Debug|Any CPU
		{66D49BC5-D3C8-4106-9FBF-A10CAB7DCCF4}.Debug|Any CPU.Build.0 = Debug|Any CPU
		{66D49BC5-D3C8-4106-9FBF-A10CAB7DCCF4}.Debug|x64.ActiveCfg = Debug|Any CPU
		{66D49BC5-D3C8-4106-9FBF-A10CAB7DCCF4}.Debug|x64.Build.0 = Debug|Any CPU
		{66D49BC5-D3C8-4106-9FBF-A10CAB7DCCF4}.Debug|x86.ActiveCfg = Debug|Any CPU
		{66D49BC5-D3C8-4106-9FBF-A10CAB7DCCF4}.Debug|x86.Build.0 = Debug|Any CPU
		{66D49BC5-D3C8-4106-9FBF-A10CAB7DCCF4}.Release|Any CPU.ActiveCfg = Release|Any CPU
		{66D49BC5-D3C8-4106-9FBF-A10CAB7DCCF4}.Release|Any CPU.Build.0 = Release|Any CPU
		{66D49BC5-D3C8-4106-9FBF-A10CAB7DCCF4}.Release|x64.ActiveCfg = Release|Any CPU
		{66D49BC5-D3C8-4106-9FBF-A10CAB7DCCF4}.Release|x64.Build.0 = Release|Any CPU
		{66D49BC5-D3C8-4106-9FBF-A10CAB7DCCF4}.Release|x86.ActiveCfg = Release|Any CPU
		{66D49BC5-D3C8-4106-9FBF-A10CAB7DCCF4}.Release|x86.Build.0 = Release|Any CPU
	EndGlobalSection
	GlobalSection(SolutionProperties) = preSolution
		HideSolutionNode = FALSE
	EndGlobalSection
	GlobalSection(NestedProjects) = preSolution
		{C8E42992-5E42-0C2B-DBFE-AA848D06431C} = {827E0CD3-B72D-47B6-A68D-7590B98EB39B}
		{27EBBC5D-C513-46ED-9CAA-B52F818BCEC5} = {C8E42992-5E42-0C2B-DBFE-AA848D06431C}
		{984BB9B3-3FA3-BE33-9484-CAC21695A33C} = {827E0CD3-B72D-47B6-A68D-7590B98EB39B}
		{5D55D161-33D4-4D29-BC9A-D6025A01D633} = {984BB9B3-3FA3-BE33-9484-CAC21695A33C}
		{0D26A88E-02E5-4CE9-92FA-E6D6220F1885} = {984BB9B3-3FA3-BE33-9484-CAC21695A33C}
		{9B0BF3C9-F18A-4346-8F7C-96A7952DB9AB} = {984BB9B3-3FA3-BE33-9484-CAC21695A33C}
		{BAC17FA2-F7B7-4A64-AF9C-C485FE59EB8E} = {984BB9B3-3FA3-BE33-9484-CAC21695A33C}
		{15B695E6-C80C-4E81-B830-F8F494376E1F} = {984BB9B3-3FA3-BE33-9484-CAC21695A33C}
		{6306A8FB-679E-111F-6585-8F70E0EE6013} = {827E0CD3-B72D-47B6-A68D-7590B98EB39B}
		{B963AD86-E9BE-40F6-AB75-BADE56EE9121} = {6306A8FB-679E-111F-6585-8F70E0EE6013}
		{A2821644-0A7B-44B3-8DF6-581750B0CFB9} = {0AB3BF05-4346-4AA6-1389-037BE0695223}
		{9D655B90-4C15-4C85-A881-D01E23E80AFD} = {0AB3BF05-4346-4AA6-1389-037BE0695223}
		{0530197E-A574-42E6-80DF-49126B64706D} = {0AB3BF05-4346-4AA6-1389-037BE0695223}
		{A489A150-DD73-4511-B717-EF0933EDCDC1} = {0AB3BF05-4346-4AA6-1389-037BE0695223}
		{FEC157A7-6D29-4DB8-ADF7-751F885A2A47} = {0AB3BF05-4346-4AA6-1389-037BE0695223}
		{C4410A9C-0886-4FB2-BAD9-C7FC44D1205D} = {0AB3BF05-4346-4AA6-1389-037BE0695223}
	EndGlobalSection
	GlobalSection(ExtensibilityGlobals) = postSolution
		SolutionGuid = {9ED8A225-C6CD-488F-A5FD-8CF8ABB435E1}
	EndGlobalSection
EndGlobal
